
Microsoft Visual Studio Solution File, Format Version 12.00
# Visual Studio 2012
Project("{FAE04EC0-301F-11D3-BF4B-00C04F79EFBC}") = "TestRazorJuly2018", "TestRazorJuly2018\TestRazorJuly2018.csproj", "{6C2D1E72-0C5F-49CB-B576-5D6F6EF48871}"
EndProject
Global
	GlobalSection(SolutionConfigurationPlatforms) = preSolution
		Debug|Any CPU = Debug|Any CPU
		Release|Any CPU = Release|Any CPU
	EndGlobalSection
	GlobalSection(ProjectConfigurationPlatforms) = postSolution
		{6C2D1E72-0C5F-49CB-B576-5D6F6EF48871}.Debug|Any CPU.ActiveCfg = Debug|Any CPU
		{6C2D1E72-0C5F-49CB-B576-5D6F6EF48871}.Debug|Any CPU.Build.0 = Debug|Any CPU
		{6C2D1E72-0C5F-49CB-B576-5D6F6EF48871}.Release|Any CPU.ActiveCfg = Release|Any CPU
		{6C2D1E72-0C5F-49CB-B576-5D6F6EF48871}.Release|Any CPU.Build.0 = Release|Any CPU
	EndGlobalSection
EndGlobal
